
Microsoft Visual Studio Solution File, Format Version 12.00
# Visual Studio Version 17
VisualStudioVersion = 17.14.36121.58
MinimumVisualStudioVersion = 10.0.40219.1
Project("{FAE04EC0-301F-11D3-BF4B-00C04F79EFBC}") = "Kiosco.Consola", "Kiosco\Kiosco.Consola.csproj", "{D8EFC3E4-7BC4-4F62-A875-F955F207B1CD}"
EndProject
Project("{FAE04EC0-301F-11D3-BF4B-00C04F79EFBC}") = "Kiosco.Entidades", "Kiosco.Entidades\Kiosco.Entidades.csproj", "{3F567827-2DDD-40FB-BEF6-B200F45A778D}"
EndProject
Project("{FAE04EC0-301F-11D3-BF4B-00C04F79EFBC}") = "Kiosco.Datos", "Kiosco.Datos\Kiosco.Datos.csproj", "{AC73A7B2-D33C-40EF-A0B1-F2136C6E8D20}"
EndProject
Project("{FAE04EC0-301F-11D3-BF4B-00C04F79EFBC}") = "Kiosco.Servicio", "Kiosco.Servicio\Kiosco.Servicio.csproj", "{67DEA25D-5421-4920-9B73-67CD84E77E23}"
EndProject
Project("{FAE04EC0-301F-11D3-BF4B-00C04F79EFBC}") = "Kiosco.WindowsForm", "Kiosco.WindowsForm\Kiosco.WindowsForm.csproj", "{7164E9A5-3E42-4608-AC51-ACD1FA001380}"
EndProject
Project("{FAE04EC0-301F-11D3-BF4B-00C04F79EFBC}") = "Kiosco.Ioc", "Kiosco.Ioc\Kiosco.Ioc.csproj", "{9C1AAA70-7F5F-4072-89F7-D74EE4EE15AD}"
EndProject
Global
	GlobalSection(SolutionConfigurationPlatforms) = preSolution
		Debug|Any CPU = Debug|Any CPU
		Release|Any CPU = Release|Any CPU
	EndGlobalSection
	GlobalSection(ProjectConfigurationPlatforms) = postSolution
		{D8EFC3E4-7BC4-4F62-A875-F955F207B1CD}.Debug|Any CPU.ActiveCfg = Debug|Any CPU
		{D8EFC3E4-7BC4-4F62-A875-F955F207B1CD}.Debug|Any CPU.Build.0 = Debug|Any CPU
		{D8EFC3E4-7BC4-4F62-A875-F955F207B1CD}.Release|Any CPU.ActiveCfg = Release|Any CPU
		{D8EFC3E4-7BC4-4F62-A875-F955F207B1CD}.Release|Any CPU.Build.0 = Release|Any CPU
		{3F567827-2DDD-40FB-BEF6-B200F45A778D}.Debug|Any CPU.ActiveCfg = Debug|Any CPU
		{3F567827-2DDD-40FB-BEF6-B200F45A778D}.Debug|Any CPU.Build.0 = Debug|Any CPU
		{3F567827-2DDD-40FB-BEF6-B200F45A778D}.Release|Any CPU.ActiveCfg = Release|Any CPU
		{3F567827-2DDD-40FB-BEF6-B200F45A778D}.Release|Any CPU.Build.0 = Release|Any CPU
		{AC73A7B2-D33C-40EF-A0B1-F2136C6E8D20}.Debug|Any CPU.ActiveCfg = Debug|Any CPU
		{AC73A7B2-D33C-40EF-A0B1-F2136C6E8D20}.Debug|Any CPU.Build.0 = Debug|Any CPU
		{AC73A7B2-D33C-40EF-A0B1-F2136C6E8D20}.Release|Any CPU.ActiveCfg = Release|Any CPU
		{AC73A7B2-D33C-40EF-A0B1-F2136C6E8D20}.Release|Any CPU.Build.0 = Release|Any CPU
		{67DEA25D-5421-4920-9B73-67CD84E77E23}.Debug|Any CPU.ActiveCfg = Debug|Any CPU
		{67DEA25D-5421-4920-9B73-67CD84E77E23}.Debug|Any CPU.Build.0 = Debug|Any CPU
		{67DEA25D-5421-4920-9B73-67CD84E77E23}.Release|Any CPU.ActiveCfg = Release|Any CPU
		{67DEA25D-5421-4920-9B73-67CD84E77E23}.Release|Any CPU.Build.0 = Release|Any CPU
		{7164E9A5-3E42-4608-AC51-ACD1FA001380}.Debug|Any CPU.ActiveCfg = Debug|Any CPU
		{7164E9A5-3E42-4608-AC51-ACD1FA001380}.Debug|Any CPU.Build.0 = Debug|Any CPU
		{7164E9A5-3E42-4608-AC51-ACD1FA001380}.Release|Any CPU.ActiveCfg = Release|Any CPU
		{7164E9A5-3E42-4608-AC51-ACD1FA001380}.Release|Any CPU.Build.0 = Release|Any CPU
		{9C1AAA70-7F5F-4072-89F7-D74EE4EE15AD}.Debug|Any CPU.ActiveCfg = Debug|Any CPU
		{9C1AAA70-7F5F-4072-89F7-D74EE4EE15AD}.Debug|Any CPU.Build.0 = Debug|Any CPU
		{9C1AAA70-7F5F-4072-89F7-D74EE4EE15AD}.Release|Any CPU.ActiveCfg = Release|Any CPU
		{9C1AAA70-7F5F-4072-89F7-D74EE4EE15AD}.Release|Any CPU.Build.0 = Release|Any CPU
	EndGlobalSection
	GlobalSection(SolutionProperties) = preSolution
		HideSolutionNode = FALSE
	EndGlobalSection
	GlobalSection(ExtensibilityGlobals) = postSolution
		SolutionGuid = {03B95F21-E356-4D6C-B007-985B3424EAB1}
	EndGlobalSection
EndGlobal
